
Microsoft Visual Studio Solution File, Format Version 12.00
# Visual Studio Version 16
VisualStudioVersion = 16.0.29920.165
MinimumVisualStudioVersion = 10.0.40219.1
Project("{9A19103F-16F7-4668-BE54-9A1E7A4F7556}") = "MTwo", "MTwo\MTwo.csproj", "{70AB1399-8BAE-4ADC-A533-EC4F8F4B7704}"
EndProject
Project("{9A19103F-16F7-4668-BE54-9A1E7A4F7556}") = "MThree", "MThree\MThree.csproj", "{CD21B8DD-2A50-4583-8253-AB98F710825F}"
EndProject
Project("{9A19103F-16F7-4668-BE54-9A1E7A4F7556}") = "MTwo.Tests", "MTwoTests\MTwo.Tests.csproj", "{4F73AE7A-B7E2-4C20-A586-3D0B80DFCC49}"
EndProject
Project("{9A19103F-16F7-4668-BE54-9A1E7A4F7556}") = "MTwo.TestsNUnit", "MTwo.TestsNUnit\MTwo.TestsNUnit.csproj", "{C8E46265-1D76-424E-BA6F-934FFFCE9F32}"
EndProject
Project("{9A19103F-16F7-4668-BE54-9A1E7A4F7556}") = "MThree.Tests", "MThree.Tests\MThree.Tests.csproj", "{78FCDE7C-7F94-43E0-B23D-7BFB621833F1}"
EndProject
Project("{FAE04EC0-301F-11D3-BF4B-00C04F79EFBC}") = "MFour", "MFour\MFour.csproj", "{C83AE6C3-F80F-4D17-9160-329E7075953C}"
EndProject
Project("{FAE04EC0-301F-11D3-BF4B-00C04F79EFBC}") = "MFour.Tests", "MFour.Tests\MFour.Tests.csproj", "{59AC9514-4F95-47C4-86F4-AAD8A63D164A}"
EndProject
Global
	GlobalSection(SolutionConfigurationPlatforms) = preSolution
		Debug|Any CPU = Debug|Any CPU
		Release|Any CPU = Release|Any CPU
	EndGlobalSection
	GlobalSection(ProjectConfigurationPlatforms) = postSolution
		{70AB1399-8BAE-4ADC-A533-EC4F8F4B7704}.Debug|Any CPU.ActiveCfg = Debug|Any CPU
		{70AB1399-8BAE-4ADC-A533-EC4F8F4B7704}.Debug|Any CPU.Build.0 = Debug|Any CPU
		{70AB1399-8BAE-4ADC-A533-EC4F8F4B7704}.Release|Any CPU.ActiveCfg = Release|Any CPU
		{70AB1399-8BAE-4ADC-A533-EC4F8F4B7704}.Release|Any CPU.Build.0 = Release|Any CPU
		{CD21B8DD-2A50-4583-8253-AB98F710825F}.Debug|Any CPU.ActiveCfg = Debug|Any CPU
		{CD21B8DD-2A50-4583-8253-AB98F710825F}.Debug|Any CPU.Build.0 = Debug|Any CPU
		{CD21B8DD-2A50-4583-8253-AB98F710825F}.Release|Any CPU.ActiveCfg = Release|Any CPU
		{CD21B8DD-2A50-4583-8253-AB98F710825F}.Release|Any CPU.Build.0 = Release|Any CPU
		{4F73AE7A-B7E2-4C20-A586-3D0B80DFCC49}.Debug|Any CPU.ActiveCfg = Debug|Any CPU
		{4F73AE7A-B7E2-4C20-A586-3D0B80DFCC49}.Debug|Any CPU.Build.0 = Debug|Any CPU
		{4F73AE7A-B7E2-4C20-A586-3D0B80DFCC49}.Release|Any CPU.ActiveCfg = Release|Any CPU
		{4F73AE7A-B7E2-4C20-A586-3D0B80DFCC49}.Release|Any CPU.Build.0 = Release|Any CPU
		{C8E46265-1D76-424E-BA6F-934FFFCE9F32}.Debug|Any CPU.ActiveCfg = Debug|Any CPU
		{C8E46265-1D76-424E-BA6F-934FFFCE9F32}.Debug|Any CPU.Build.0 = Debug|Any CPU
		{C8E46265-1D76-424E-BA6F-934FFFCE9F32}.Release|Any CPU.ActiveCfg = Release|Any CPU
		{C8E46265-1D76-424E-BA6F-934FFFCE9F32}.Release|Any CPU.Build.0 = Release|Any CPU
		{78FCDE7C-7F94-43E0-B23D-7BFB621833F1}.Debug|Any CPU.ActiveCfg = Debug|Any CPU
		{78FCDE7C-7F94-43E0-B23D-7BFB621833F1}.Debug|Any CPU.Build.0 = Debug|Any CPU
		{78FCDE7C-7F94-43E0-B23D-7BFB621833F1}.Release|Any CPU.ActiveCfg = Release|Any CPU
		{78FCDE7C-7F94-43E0-B23D-7BFB621833F1}.Release|Any CPU.Build.0 = Release|Any CPU
		{C83AE6C3-F80F-4D17-9160-329E7075953C}.Debug|Any CPU.ActiveCfg = Debug|Any CPU
		{C83AE6C3-F80F-4D17-9160-329E7075953C}.Debug|Any CPU.Build.0 = Debug|Any CPU
		{C83AE6C3-F80F-4D17-9160-329E7075953C}.Release|Any CPU.ActiveCfg = Release|Any CPU
		{C83AE6C3-F80F-4D17-9160-329E7075953C}.Release|Any CPU.Build.0 = Release|Any CPU
		{59AC9514-4F95-47C4-86F4-AAD8A63D164A}.Debug|Any CPU.ActiveCfg = Debug|Any CPU
		{59AC9514-4F95-47C4-86F4-AAD8A63D164A}.Debug|Any CPU.Build.0 = Debug|Any CPU
		{59AC9514-4F95-47C4-86F4-AAD8A63D164A}.Release|Any CPU.ActiveCfg = Release|Any CPU
		{59AC9514-4F95-47C4-86F4-AAD8A63D164A}.Release|Any CPU.Build.0 = Release|Any CPU
	EndGlobalSection
	GlobalSection(SolutionProperties) = preSolution
		HideSolutionNode = FALSE
	EndGlobalSection
	GlobalSection(ExtensibilityGlobals) = postSolution
		SolutionGuid = {ED5E75C3-0865-4F16-9A9C-C47E63D91AE6}
	EndGlobalSection
EndGlobal
